
Microsoft Visual Studio Solution File, Format Version 12.00
# Visual Studio Version 17
VisualStudioVersion = 17.14.36429.23
MinimumVisualStudioVersion = 10.0.40219.1
Project("{FAE04EC0-301F-11D3-BF4B-00C04F79EFBC}") = "API", "API\API.csproj", "{FDD641BE-DD2F-484A-9B20-BD730018B3F8}"
EndProject
Project("{FAE04EC0-301F-11D3-BF4B-00C04F79EFBC}") = "Core", "Core\Core.csproj", "{2923244C-0634-401F-BA56-AFA1DBB863C3}"
EndProject
Project("{FAE04EC0-301F-11D3-BF4B-00C04F79EFBC}") = "Infrastructure", "Infrastructure\Infrastructure.csproj", "{589E1465-4991-4AB8-BA98-90BB9963C316}"
	ProjectSection(ProjectDependencies) = postProject
		{2923244C-0634-401F-BA56-AFA1DBB863C3} = {2923244C-0634-401F-BA56-AFA1DBB863C3}
	EndProjectSection
EndProject
Global
	GlobalSection(SolutionConfigurationPlatforms) = preSolution
		Debug|Any CPU = Debug|Any CPU
		Release|Any CPU = Release|Any CPU
	EndGlobalSection
	GlobalSection(ProjectConfigurationPlatforms) = postSolution
		{FDD641BE-DD2F-484A-9B20-BD730018B3F8}.Debug|Any CPU.ActiveCfg = Debug|Any CPU
		{FDD641BE-DD2F-484A-9B20-BD730018B3F8}.Debug|Any CPU.Build.0 = Debug|Any CPU
		{FDD641BE-DD2F-484A-9B20-BD730018B3F8}.Release|Any CPU.ActiveCfg = Release|Any CPU
		{FDD641BE-DD2F-484A-9B20-BD730018B3F8}.Release|Any CPU.Build.0 = Release|Any CPU
		{2923244C-0634-401F-BA56-AFA1DBB863C3}.Debug|Any CPU.ActiveCfg = Debug|Any CPU
		{2923244C-0634-401F-BA56-AFA1DBB863C3}.Debug|Any CPU.Build.0 = Debug|Any CPU
		{2923244C-0634-401F-BA56-AFA1DBB863C3}.Release|Any CPU.ActiveCfg = Release|Any CPU
		{2923244C-0634-401F-BA56-AFA1DBB863C3}.Release|Any CPU.Build.0 = Release|Any CPU
		{589E1465-4991-4AB8-BA98-90BB9963C316}.Debug|Any CPU.ActiveCfg = Debug|Any CPU
		{589E1465-4991-4AB8-BA98-90BB9963C316}.Debug|Any CPU.Build.0 = Debug|Any CPU
		{589E1465-4991-4AB8-BA98-90BB9963C316}.Release|Any CPU.ActiveCfg = Release|Any CPU
		{589E1465-4991-4AB8-BA98-90BB9963C316}.Release|Any CPU.Build.0 = Release|Any CPU
	EndGlobalSection
	GlobalSection(SolutionProperties) = preSolution
		HideSolutionNode = FALSE
	EndGlobalSection
	GlobalSection(ExtensibilityGlobals) = postSolution
		SolutionGuid = {5B9C8BFB-B8A3-473B-8C2B-9BFF23823724}
	EndGlobalSection
EndGlobal
